
Microsoft Visual Studio Solution File, Format Version 12.00
# Visual Studio Version 17
VisualStudioVersion = 17.14.36511.14 d17.14
MinimumVisualStudioVersion = 10.0.40219.1
Project("{FAE04EC0-301F-11D3-BF4B-00C04F79EFBC}") = "Hesap Makinesi Ödevi", "Hesap Makinesi Ödevi\Hesap Makinesi Ödevi.csproj", "{950D365D-72A4-43A2-A059-9E2093E8D14D}"
EndProject
Global
	GlobalSection(SolutionConfigurationPlatforms) = preSolution
		Debug|Any CPU = Debug|Any CPU
		Release|Any CPU = Release|Any CPU
	EndGlobalSection
	GlobalSection(ProjectConfigurationPlatforms) = postSolution
		{950D365D-72A4-43A2-A059-9E2093E8D14D}.Debug|Any CPU.ActiveCfg = Debug|Any CPU
		{950D365D-72A4-43A2-A059-9E2093E8D14D}.Debug|Any CPU.Build.0 = Debug|Any CPU
		{950D365D-72A4-43A2-A059-9E2093E8D14D}.Release|Any CPU.ActiveCfg = Release|Any CPU
		{950D365D-72A4-43A2-A059-9E2093E8D14D}.Release|Any CPU.Build.0 = Release|Any CPU
	EndGlobalSection
	GlobalSection(SolutionProperties) = preSolution
		HideSolutionNode = FALSE
	EndGlobalSection
	GlobalSection(ExtensibilityGlobals) = postSolution
		SolutionGuid = {EF6883F5-F729-4590-AF3A-D64A8A0E0F4E}
	EndGlobalSection
EndGlobal
