
Microsoft Visual Studio Solution File, Format Version 12.00
# Visual Studio Version 17
VisualStudioVersion = 17.14.36811.4 d17.14
MinimumVisualStudioVersion = 10.0.40219.1
Project("{FAE04EC0-301F-11D3-BF4B-00C04F79EFBC}") = "ingilizce proje ödevi", "ingilizce proje ödevi\ingilizce proje ödevi.csproj", "{8B012214-DEE0-47D1-96C8-EFE9E9C141C1}"
EndProject
Global
	GlobalSection(SolutionConfigurationPlatforms) = preSolution
		Debug|Any CPU = Debug|Any CPU
		Release|Any CPU = Release|Any CPU
	EndGlobalSection
	GlobalSection(ProjectConfigurationPlatforms) = postSolution
		{8B012214-DEE0-47D1-96C8-EFE9E9C141C1}.Debug|Any CPU.ActiveCfg = Debug|Any CPU
		{8B012214-DEE0-47D1-96C8-EFE9E9C141C1}.Debug|Any CPU.Build.0 = Debug|Any CPU
		{8B012214-DEE0-47D1-96C8-EFE9E9C141C1}.Release|Any CPU.ActiveCfg = Release|Any CPU
		{8B012214-DEE0-47D1-96C8-EFE9E9C141C1}.Release|Any CPU.Build.0 = Release|Any CPU
	EndGlobalSection
	GlobalSection(SolutionProperties) = preSolution
		HideSolutionNode = FALSE
	EndGlobalSection
	GlobalSection(ExtensibilityGlobals) = postSolution
		SolutionGuid = {E56ED2D6-B233-4E2F-B35E-AF73B488BEC6}
	EndGlobalSection
EndGlobal
