
Microsoft Visual Studio Solution File, Format Version 12.00
# Visual Studio Version 17
VisualStudioVersion = 17.14.36623.8 d17.14
MinimumVisualStudioVersion = 10.0.40219.1
Project("{FAE04EC0-301F-11D3-BF4B-00C04F79EFBC}") = "ÇOK BİÇİMLİLİK (POLYMORPHISM)", "ÇOK BİÇİMLİLİK (POLYMORPHISM).csproj", "{0B04C295-07C7-4071-9A4B-85E22C1894CA}"
EndProject
Global
	GlobalSection(SolutionConfigurationPlatforms) = preSolution
		Debug|Any CPU = Debug|Any CPU
		Release|Any CPU = Release|Any CPU
	EndGlobalSection
	GlobalSection(ProjectConfigurationPlatforms) = postSolution
		{0B04C295-07C7-4071-9A4B-85E22C1894CA}.Debug|Any CPU.ActiveCfg = Debug|Any CPU
		{0B04C295-07C7-4071-9A4B-85E22C1894CA}.Debug|Any CPU.Build.0 = Debug|Any CPU
		{0B04C295-07C7-4071-9A4B-85E22C1894CA}.Release|Any CPU.ActiveCfg = Release|Any CPU
		{0B04C295-07C7-4071-9A4B-85E22C1894CA}.Release|Any CPU.Build.0 = Release|Any CPU
	EndGlobalSection
	GlobalSection(SolutionProperties) = preSolution
		HideSolutionNode = FALSE
	EndGlobalSection
	GlobalSection(ExtensibilityGlobals) = postSolution
		SolutionGuid = {CB8F00AB-CE0F-4021-B484-F9BD34A86703}
	EndGlobalSection
EndGlobal
